PODS:
  - AFNetworking (2.6.3):
    - AFNetworking/NSURLConnection (= 2.6.3)
    - AFNetworking/NSURLSession (= 2.6.3)
    - AFNetworking/Reachability (= 2.6.3)
    - AFNetworking/Security (= 2.6.3)
    - AFNetworking/Serialization (= 2.6.3)
    - AFNetworking/UIKit (= 2.6.3)
  - AFNetworking/NSURLConnection (2.6.3):
    - AFNetworking/Reachability
    - AFNetworking/Security
    - AFNetworking/Serialization
  - AFNetworking/NSURLSession (2.6.3):
    - AFNetworking/Reachability
    - AFNetworking/Security
    - AFNetworking/Serialization
  - AFNetworking/Reachability (2.6.3)
  - AFNetworking/Security (2.6.3)
  - AFNetworking/Serialization (2.6.3)
  - AFNetworking/UIKit (2.6.3):
    - AFNetworking/NSURLConnection
    - AFNetworking/NSURLSession
  - FMDB (2.6):
    - FMDB/standard (= 2.6)
  - FMDB/standard (2.6)
  - HappyDNS (0.2.3)
  - MJExtension (3.0.10)
  - MJRefresh (3.1.0)
  - MOBFoundation_IDFA (1.5.1)
  - pop (1.0.9)
  - Qiniu (7.0.16):
    - AFNetworking (~> 2.0)
    - HappyDNS (~> 0.2)
  - SDWebImage (3.7.5):
    - SDWebImage/Core (= 3.7.5)
  - SDWebImage/Core (3.7.5)
  - ShareSDK3 (3.2.3):
    - ShareSDK3/ShareSDK (= 3.2.3)
  - ShareSDK3/ShareSDK (3.2.3)
  - ShareSDK3/ShareSDKPlatforms/QQ (3.2.3)
  - ShareSDK3/ShareSDKPlatforms/SinaWeibo (3.2.3)
  - ShareSDK3/ShareSDKPlatforms/WeChat (3.2.3)
  - SMSSDK (2.0.4)
  - SVProgressHUD (1.1.3)
  - UzysAssetsPickerController (0.9.9)

DEPENDENCIES:
  - AFNetworking
  - FMDB
  - MJExtension
  - MJRefresh
  - MOBFoundation_IDFA
  - pop
  - Qiniu (~> 7.0)
  - SDWebImage
  - ShareSDK3
  - ShareSDK3/ShareSDKPlatforms/QQ
  - ShareSDK3/ShareSDKPlatforms/SinaWeibo
  - ShareSDK3/ShareSDKPlatforms/WeChat
  - SMSSDK
  - SVProgressHUD
  - UzysAssetsPickerController

SPEC CHECKSUMS:
  AFNetworking: cb8d14a848e831097108418f5d49217339d4eb60
  FMDB: c1968bab3ab0aed38f66cb778ae1e7fa9a652b6e
  HappyDNS: 6d85942e64c28b4fa61f8c76580398f52d6d1d11
  MJExtension: d86aacb740c87519d20e3cca55b6fa4be6cc7548
  MJRefresh: 743e6404967d1c2c688472ea3ecfde247d872db4
  MOBFoundation_IDFA: f5d3d1f89166f60c6985e34b7d90e6fb5d58fb61
  pop: f667631a5108a2e60d9e8797c9b32ddaf2080bce
  Qiniu: 51a8702cddc02b50867e10cef99291b9a8a006b1
  SDWebImage: 69c6303e3348fba97e03f65d65d4fbc26740f461
  ShareSDK3: 76a2b7bee33fc7360fbc9670adb3e9e06534ee82
  SMSSDK: 642b6a8c55fd382be44487cd5e0b0710681895f9
  SVProgressHUD: 748080e4f36e603f6c02aec292664239df5279c1
  UzysAssetsPickerController: 47c27bd96955467925f3d4d80b1e2e8aaeff766d

COCOAPODS: 0.39.0
